{
  "name": "pine",
  "lockfileVersion": 3,
  "requires": true,
  "packages": {
    "": {
      "dependencies": {
        "@ionic/react": "^8.0.0",
        "ionicons": "^7.3.1"
      }
    },
    "node_modules/@ionic/core": {
      "version": "8.0.0",
      "resolved": "https://registry.npmjs.org/@ionic/core/-/core-8.0.0.tgz",
      "integrity": "sha512-jW1LA5mSUYmG4Go9EBWPiLv0Uxwm9vF8+3gwYNeLxJrRwzsirc1qBW/zvDTqcbyMwopAfwtb690iSv5e3i1CwA==",
      "dependencies": {
        "@stencil/core": "^4.12.2",
        "ionicons": "^7.2.2",
        "tslib": "^2.1.0"
      }
    },
    "node_modules/@ionic/react": {
      "version": "8.0.0",
      "resolved": "https://registry.npmjs.org/@ionic/react/-/react-8.0.0.tgz",
      "integrity": "sha512-s7Ncn3Md5WARayGc8Jc65/of+1TxU5KBESWk/xAzbZHIRHM9piERk6tlkvUhYOt9lNA4faX3fa9sOviUiEaHFw==",
      "dependencies": {
        "@ionic/core": "8.0.0",
        "ionicons": "^7.0.0",
        "tslib": "*"
      },
      "peerDependencies": {
        "react": ">=16.8.6",
        "react-dom": ">=16.8.6"
      }
    },
    "node_modules/@stencil/core": {
      "version": "4.16.0",
      "resolved": "https://registry.npmjs.org/@stencil/core/-/core-4.16.0.tgz",
      "integrity": "sha512-gXaC5IrquV/Hw5JIZTCWkM5lJEbBQtnvHLhDebjar6A6+YBqxah04dardS+YUNVuRbnE6Hcja7KKiAXT3oVsvw==",
      "bin": {
        "stencil": "bin/stencil"
      },
      "engines": {
        "node": ">=16.0.0",
        "npm": ">=7.10.0"
      }
    },
    "node_modules/ionicons": {
      "version": "7.3.1",
      "resolved": "https://registry.npmjs.org/ionicons/-/ionicons-7.3.1.tgz",
      "integrity": "sha512-1boG4EQTBBpQ4/0PU60Yi78Iw/k8iNtKu9c0NmsbzHGnWAcwpiovG9Wi/rk5UlF+DC+CR4XDCxKo91YqvAxkww==",
      "dependencies": {
        "@stencil/core": "^4.0.3"
      }
    },
    "node_modules/js-tokens": {
      "version": "4.0.0",
      "resolved": "https://registry.npmjs.org/js-tokens/-/js-tokens-4.0.0.tgz",
      "integrity": "sha512-RdJUflcE3cUzKiMqQgsCu06FPu9UdIJO0beYbPhHN4k6apgJtifcoCtT9bcxOpYBtpD2kCM6Sbzg4CausW/PKQ==",
      "peer": true
    },
    "node_modules/loose-envify": {
      "version": "1.4.0",
      "resolved": "https://registry.npmjs.org/loose-envify/-/loose-envify-1.4.0.tgz",
      "integrity": "sha512-lyuxPGr/Wfhrlem2CL/UcnUc1zcqKAImBDzukY7Y5F/yQiNdko6+fRLevlw1HgMySw7f611UIY408EtxRSoK3Q==",
      "peer": true,
      "dependencies": {
        "js-tokens": "^3.0.0 || ^4.0.0"
      },
      "bin": {
        "loose-envify": "cli.js"
      }
    },
    "node_modules/react": {
      "version": "18.2.0",
      "resolved": "https://registry.npmjs.org/react/-/react-18.2.0.tgz",
      "integrity": "sha512-/3IjMdb2L9QbBdWiW5e3P2/npwMBaU9mHCSCUzNln0ZCYbcfTsGbTJrU/kGemdH2IWmB2ioZ+zkxtmq6g09fGQ==",
      "peer": true,
      "dependencies": {
        "loose-envify": "^1.1.0"
      },
      "engines": {
        "node": ">=0.10.0"
      }
    },
    "node_modules/react-dom": {
      "version": "18.2.0",
      "resolved": "https://registry.npmjs.org/react-dom/-/react-dom-18.2.0.tgz",
      "integrity": "sha512-6IMTriUmvsjHUjNtEDudZfuDQUoWXVxKHhlEGSk81n4YFS+r/Kl99wXiwlVXtPBtJenozv2P+hxDsw9eA7Xo6g==",
      "peer": true,
      "dependencies": {
        "loose-envify": "^1.1.0",
        "scheduler": "^0.23.0"
      },
      "peerDependencies": {
        "react": "^18.2.0"
      }
    },
    "node_modules/scheduler": {
      "version": "0.23.0",
      "resolved": "https://registry.npmjs.org/scheduler/-/scheduler-0.23.0.tgz",
      "integrity": "sha512-CtuThmgHNg7zIZWAXi3AsyIzA3n4xx7aNyjwC2VJldO2LMVDhFK+63xGqq6CsJH4rTAt6/M+N4GhZiDYPx9eUw==",
      "peer": true,
      "dependencies": {
        "loose-envify": "^1.1.0"
      }
    },
    "node_modules/tslib": {
      "version": "2.6.2",
      "resolved": "https://registry.npmjs.org/tslib/-/tslib-2.6.2.tgz",
      "integrity": "sha512-AEYxH93jGFPn/a2iVAwW87VuUIkR1FVUKB77NwMF7nBTDkDrrT/Hpt/IrCJ0QXhW27jTBDcf5ZY7w6RiqTMw2Q=="
    }
  }
}
